
Microsoft Visual Studio Solution File, Format Version 12.00
# Visual Studio Version 17
VisualStudioVersion = 17.0.31808.319
MinimumVisualStudioVersion = 10.0.40219.1
Project("{FAE04EC0-301F-11D3-BF4B-00C04F79EFBC}") = "FlappyBird", "FlappyBird\FlappyBird.csproj", "{1134582F-2F02-4417-90B8-EAC4BCDAB763}"
EndProject
Global
	GlobalSection(SolutionConfigurationPlatforms) = preSolution
		Debug|Any CPU = Debug|Any CPU
		Release|Any CPU = Release|Any CPU
	EndGlobalSection
	GlobalSection(ProjectConfigurationPlatforms) = postSolution
		{1134582F-2F02-4417-90B8-EAC4BCDAB763}.Debug|Any CPU.ActiveCfg = Debug|Any CPU
		{1134582F-2F02-4417-90B8-EAC4BCDAB763}.Debug|Any CPU.Build.0 = Debug|Any CPU
		{1134582F-2F02-4417-90B8-EAC4BCDAB763}.Release|Any CPU.ActiveCfg = Release|Any CPU
		{1134582F-2F02-4417-90B8-EAC4BCDAB763}.Release|Any CPU.Build.0 = Release|Any CPU
	EndGlobalSection
	GlobalSection(SolutionProperties) = preSolution
		HideSolutionNode = FALSE
	EndGlobalSection
	GlobalSection(ExtensibilityGlobals) = postSolution
		SolutionGuid = {44D66552-6EA7-4D38-9075-17FE7CFF4556}
	EndGlobalSection
EndGlobal
